
Microsoft Visual Studio Solution File, Format Version 12.00
# Visual Studio 15
VisualStudioVersion = 15.0.28307.572
MinimumVisualStudioVersion = 10.0.40219.1
Project("{FAE04EC0-301F-11D3-BF4B-00C04F79EFBC}") = "ProjectTracker", "ProjectTracker\ProjectTracker.csproj", "{99B4D79E-45D9-4964-B8AF-82F15881C184}"
EndProject
Global
	GlobalSection(SolutionConfigurationPlatforms) = preSolution
		Debug|Any CPU = Debug|Any CPU
		Release|Any CPU = Release|Any CPU
	EndGlobalSection
	GlobalSection(ProjectConfigurationPlatforms) = postSolution
		{99B4D79E-45D9-4964-B8AF-82F15881C184}.Debug|Any CPU.ActiveCfg = Debug|Any CPU
		{99B4D79E-45D9-4964-B8AF-82F15881C184}.Debug|Any CPU.Build.0 = Debug|Any CPU
		{99B4D79E-45D9-4964-B8AF-82F15881C184}.Release|Any CPU.ActiveCfg = Release|Any CPU
		{99B4D79E-45D9-4964-B8AF-82F15881C184}.Release|Any CPU.Build.0 = Release|Any CPU
	EndGlobalSection
	GlobalSection(SolutionProperties) = preSolution
		HideSolutionNode = FALSE
	EndGlobalSection
	GlobalSection(ExtensibilityGlobals) = postSolution
		SolutionGuid = {263BC6A4-B7E4-4D47-99F7-08599C83C75B}
	EndGlobalSection
EndGlobal
